
Microsoft Visual Studio Solution File, Format Version 12.00
# Visual Studio Version 16
VisualStudioVersion = 16.0.31313.79
MinimumVisualStudioVersion = 10.0.40219.1
Project("{FAE04EC0-301F-11D3-BF4B-00C04F79EFBC}") = "WebApplicationHangfire", "WebApplicationHangfire.csproj", "{A280A353-3A4D-4D16-8A1B-A8F764E597B1}"
EndProject
Global
	GlobalSection(SolutionConfigurationPlatforms) = preSolution
		Debug|Any CPU = Debug|Any CPU
		Release|Any CPU = Release|Any CPU
	EndGlobalSection
	GlobalSection(ProjectConfigurationPlatforms) = postSolution
		{A280A353-3A4D-4D16-8A1B-A8F764E597B1}.Debug|Any CPU.ActiveCfg = Debug|Any CPU
		{A280A353-3A4D-4D16-8A1B-A8F764E597B1}.Debug|Any CPU.Build.0 = Debug|Any CPU
		{A280A353-3A4D-4D16-8A1B-A8F764E597B1}.Release|Any CPU.ActiveCfg = Release|Any CPU
		{A280A353-3A4D-4D16-8A1B-A8F764E597B1}.Release|Any CPU.Build.0 = Release|Any CPU
	EndGlobalSection
	GlobalSection(SolutionProperties) = preSolution
		HideSolutionNode = FALSE
	EndGlobalSection
	GlobalSection(ExtensibilityGlobals) = postSolution
		SolutionGuid = {F5A2D73A-5CFF-4D25-9804-5D0D19FB7F81}
	EndGlobalSection
EndGlobal
